// !$*UTF8*$!
{
	archiveVersion = 1;
	classes = {
	};
	objectVersion = 46;
	objects = {

/* Begin PBXBuildFile section */
		55BFB4811A1882A1000F1C52 /* AppDelegate.swift in Sources */ = {isa = PBXBuildFile; fileRef = 55BFB4801A1882A1000F1C52 /* AppDelegate.swift */; };
		55BFB4831A1882A1000F1C52 /* ViewController.swift in Sources */ = {isa = PBXBuildFile; fileRef = 55BFB4821A1882A1000F1C52 /* ViewController.swift */; };
		55BFB4861A1882A1000F1C52 /* Main.storyboard in Resources */ = {isa = PBXBuildFile; fileRef = 55BFB4841A1882A1000F1C52 /* Main.storyboard */; };
		55BFB4881A1882A1000F1C52 /* Images.xcassets in Resources */ = {isa = PBXBuildFile; fileRef = 55BFB4871A1882A1000F1C52 /* Images.xcassets */; };
		55BFB48B1A1882A1000F1C52 /* LaunchScreen.xib in Resources */ = {isa = PBXBuildFile; fileRef = 55BFB4891A1882A1000F1C52 /* LaunchScreen.xib */; };
		55BFB4971A1882A1000F1C52 /* PostcardTests.swift in Sources */ = {isa = PBXBuildFile; fileRef = 55BFB4961A1882A1000F1C52 /* PostcardTests.swift */; };
		55BFB4A11A189FDD000F1C52 /* hero-01@2x.png in Resources */ = {isa = PBXBuildFile; fileRef = 55BFB4A01A189FDD000F1C52 /* hero-01@2x.png */; };
		55BFB4A31A18A504000F1C52 /* StartButton@3x.png in Resources */ = {isa = PBXBuildFile; fileRef = 55BFB4A21A18A504000F1C52 /* StartButton@3x.png */; };
/* End PBXBuildFile section */

/* Begin PBXContainerItemProxy section */
		55BFB4911A1882A1000F1C52 /* PBXContainerItemProxy */ = {
			isa = PBXContainerItemProxy;
			containerPortal = 55BFB4731A1882A1000F1C52 /* Project object */;
			proxyType = 1;
			remoteGlobalIDString = 55BFB47A1A1882A1000F1C52;
			remoteInfo = Postcard;
		};
/* End PBXContainerItemProxy section */

/* Begin PBXFileReference section */
		55BFB47B1A1882A1000F1C52 /* Postcard.app */ = {isa = PBXFileReference; explicitFileType = wrapper.application; includeInIndex = 0; path = Postcard.app; sourceTree = BUILT_PRODUCTS_DIR; };
		55BFB47F1A1882A1000F1C52 /* Info.plist */ = {isa = PBXFileReference; lastKnownFileType = text.plist.xml; path = Info.plist; sourceTree = "<group>"; };
		55BFB4801A1882A1000F1C52 /* AppDelegate.swift */ = {isa = PBXFileReference; lastKnownFileType = sourcecode.swift; path = AppDelegate.swift; sourceTree = "<group>"; };
		55BFB4821A1882A1000F1C52 /* ViewController.swift */ = {isa = PBXFileReference; lastKnownFileType = sourcecode.swift; path = ViewController.swift; sourceTree = "<group>"; };
		55BFB4851A1882A1000F1C52 /* Base */ = {isa = PBXFileReference; lastKnownFileType = file.storyboard; name = Base; path = Base.lproj/Main.storyboard; sourceTree = "<group>"; };
		55BFB4871A1882A1000F1C52 /* Images.xcassets */ = {isa = PBXFileReference; lastKnownFileType = folder.assetcatalog; path = Images.xcassets; sourceTree = "<group>"; };
		55BFB48A1A1882A1000F1C52 /* Base */ = {isa = PBXFileReference; lastKnownFileType = file.xib; name = Base; path = Base.lproj/LaunchScreen.xib; sourceTree = "<group>"; };
		55BFB4901A1882A1000F1C52 /* PostcardTests.xctest */ = {isa = PBXFileReference; explicitFileType = wrapper.cfbundle; includeInIndex = 0; path = PostcardTests.xctest; sourceTree = BUILT_PRODUCTS_DIR; };
		55BFB4951A1882A1000F1C52 /* Info.plist */ = {isa = PBXFileReference; lastKnownFileType = text.plist.xml; path = Info.plist; sourceTree = "<group>"; };
		55BFB4961A1882A1000F1C52 /* PostcardTests.swift */ = {isa = PBXFileReference; lastKnownFileType = sourcecode.swift; path = PostcardTests.swift; sourceTree = "<group>"; };
		55BFB4A01A189FDD000F1C52 /* hero-01@2x.png */ = {isa = PBXFileReference; lastKnownFileType = image.png; path = "hero-01@2x.png"; sourceTree = "<group>"; };
		55BFB4A21A18A504000F1C52 /* StartButton@3x.png */ = {isa = PBXFileReference; lastKnownFileType = image.png; path = "StartButton@3x.png"; sourceTree = "<group>"; };
/* End PBXFileReference section */

/* Begin PBXFrameworksBuildPhase section */
		55BFB4781A1882A1000F1C52 /* Frameworks */ = {
			isa = PBXFrameworksBuildPhase;
			buildActionMask = 2147483647;
			files = (
			);
			runOnlyForDeploymentPostprocessing = 0;
		};
		55BFB48D1A1882A1000F1C52 /* Frameworks */ = {
			isa = PBXFrameworksBuildPhase;
			buildActionMask = 2147483647;
			files = (
			);
			runOnlyForDeploymentPostprocessing = 0;
		};
/* End PBXFrameworksBuildPhase section */

/* Begin PBXGroup section */
		55BFB4721A1882A1000F1C52 = {
			isa = PBXGroup;
			children = (
				55BFB47D1A1882A1000F1C52 /* Postcard */,
				55BFB4931A1882A1000F1C52 /* PostcardTests */,
				55BFB47C1A1882A1000F1C52 /* Products */,
			);
			sourceTree = "<group>";
		};
		55BFB47C1A1882A1000F1C52 /* Products */ = {
			isa = PBXGroup;
			children = (
				55BFB47B1A1882A1000F1C52 /* Postcard.app */,
				55BFB4901A1882A1000F1C52 /* PostcardTests.xctest */,
			);
			name = Products;
			sourceTree = "<group>";
		};
		55BFB47D1A1882A1000F1C52 /* Postcard */ = {
			isa = PBXGroup;
			children = (
				55BFB4801A1882A1000F1C52 /* AppDelegate.swift */,
				55BFB4821A1882A1000F1C52 /* ViewController.swift */,
				55BFB4841A1882A1000F1C52 /* Main.storyboard */,
				55BFB4871A1882A1000F1C52 /* Images.xcassets */,
				55BFB4891A1882A1000F1C52 /* LaunchScreen.xib */,
				55BFB47E1A1882A1000F1C52 /* Supporting Files */,
			);
			path = Postcard;
			sourceTree = "<group>";
		};
		55BFB47E1A1882A1000F1C52 /* Supporting Files */ = {
			isa = PBXGroup;
			children = (
				55BFB4A21A18A504000F1C52 /* StartButton@3x.png */,
				55BFB4A01A189FDD000F1C52 /* hero-01@2x.png */,
				55BFB47F1A1882A1000F1C52 /* Info.plist */,
			);
			name = "Supporting Files";
			sourceTree = "<group>";
		};
		55BFB4931A1882A1000F1C52 /* PostcardTests */ = {
			isa = PBXGroup;
			children = (
				55BFB4961A1882A1000F1C52 /* PostcardTests.swift */,
				55BFB4941A1882A1000F1C52 /* Supporting Files */,
			);
			path = PostcardTests;
			sourceTree = "<group>";
		};
		55BFB4941A1882A1000F1C52 /* Supporting Files */ = {
			isa = PBXGroup;
			children = (
				55BFB4951A1882A1000F1C52 /* Info.plist */,
			);
			name = "Supporting Files";
			sourceTree = "<group>";
		};
/* End PBXGroup section */

/* Begin PBXNativeTarget section */
		55BFB47A1A1882A1000F1C52 /* Postcard */ = {
			isa = PBXNativeTarget;
			buildConfigurationList = 55BFB49A1A1882A1000F1C52 /* Build configuration list for PBXNativeTarget "Postcard" */;
			buildPhases = (
				55BFB4771A1882A1000F1C52 /* Sources */,
				55BFB4781A1882A1000F1C52 /* Frameworks */,
				55BFB4791A1882A1000F1C52 /* Resources */,
			);
			buildRules = (
			);
			dependencies = (
			);
			name = Postcard;
			productName = Postcard;
			productReference = 55BFB47B1A1882A1000F1C52 /* Postcard.app */;
			productType = "com.apple.product-type.application";
		};
		55BFB48F1A1882A1000F1C52 /* PostcardTests */ = {
			isa = PBXNativeTarget;
			buildConfigurationList = 55BFB49D1A1882A1000F1C52 /* Build configuration list for PBXNativeTarget "PostcardTests" */;
			buildPhases = (
				55BFB48C1A1882A1000F1C52 /* Sources */,
				55BFB48D1A1882A1000F1C52 /* Frameworks */,
				55BFB48E1A1882A1000F1C52 /* Resources */,
			);
			buildRules = (
			);
			dependencies = (
				55BFB4921A1882A1000F1C52 /* PBXTargetDependency */,
			);
			name = PostcardTests;
			productName = PostcardTests;
			productReference = 55BFB4901A1882A1000F1C52 /* PostcardTests.xctest */;
			productType = "com.apple.product-type.bundle.unit-test";
		};
/* End PBXNativeTarget section */

/* Begin PBXProject section */
		55BFB4731A1882A1000F1C52 /* Project object */ = {
			isa = PBXProject;
			attributes = {
				LastUpgradeCheck = 0610;
				ORGANIZATIONNAME = "Legua Soft Games";
				TargetAttributes = {
					55BFB47A1A1882A1000F1C52 = {
						CreatedOnToolsVersion = 6.1;
					};
					55BFB48F1A1882A1000F1C52 = {
						CreatedOnToolsVersion = 6.1;
						TestTargetID = 55BFB47A1A1882A1000F1C52;
					};
				};
			};
			buildConfigurationList = 55BFB4761A1882A1000F1C52 /* Build configuration list for PBXProject "Postcard" */;
			compatibilityVersion = "Xcode 3.2";
			developmentRegion = English;
			hasScannedForEncodings = 0;
			knownRegions = (
				en,
				Base,
			);
			mainGroup = 55BFB4721A1882A1000F1C52;
			productRefGroup = 55BFB47C1A1882A1000F1C52 /* Products */;
			projectDirPath = "";
			projectRoot = "";
			targets = (
				55BFB47A1A1882A1000F1C52 /* Postcard */,
				55BFB48F1A1882A1000F1C52 /* PostcardTests */,
			);
		};
/* End PBXProject section */

/* Begin PBXResourcesBuildPhase section */
		55BFB4791A1882A1000F1C52 /* Resources */ = {
			isa = PBXResourcesBuildPhase;
			buildActionMask = 2147483647;
			files = (
				55BFB4861A1882A1000F1C52 /* Main.storyboard in Resources */,
				55BFB48B1A1882A1000F1C52 /* LaunchScreen.xib in Resources */,
				55BFB4881A1882A1000F1C52 /* Images.xcassets in Resources */,
				55BFB4A11A189FDD000F1C52 /* hero-01@2x.png in Resources */,
				55BFB4A31A18A504000F1C52 /* StartButton@3x.png in Resources */,
			);
			runOnlyForDeploymentPostprocessing = 0;
		};
		55BFB48E1A1882A1000F1C52 /* Resources */ = {
			isa = PBXResourcesBuildPhase;
			buildActionMask = 2147483647;
			files = (
			);
			runOnlyForDeploymentPostprocessing = 0;
		};
/* End PBXResourcesBuildPhase section */

/* Begin PBXSourcesBuildPhase section */
		55BFB4771A1882A1000F1C52 /* Sources */ = {
			isa = PBXSourcesBuildPhase;
			buildActionMask = 2147483647;
			files = (
				55BFB4831A1882A1000F1C52 /* ViewController.swift in Sources */,
				55BFB4811A1882A1000F1C52 /* AppDelegate.swift in Sources */,
			);
			runOnlyForDeploymentPostprocessing = 0;
		};
		55BFB48C1A1882A1000F1C52 /* Sources */ = {
			isa = PBXSourcesBuildPhase;
			buildActionMask = 2147483647;
			files = (
				55BFB4971A1882A1000F1C52 /* PostcardTests.swift in Sources */,
			);
			runOnlyForDeploymentPostprocessing = 0;
		};
/* End PBXSourcesBuildPhase section */

/* Begin PBXTargetDependency section */
		55BFB4921A1882A1000F1C52 /* PBXTargetDependency */ = {
			isa = PBXTargetDependency;
			target = 55BFB47A1A1882A1000F1C52 /* Postcard */;
			targetProxy = 55BFB4911A1882A1000F1C52 /* PBXContainerItemProxy */;
		};
/* End PBXTargetDependency section */

/* Begin PBXVariantGroup section */
		55BFB4841A1882A1000F1C52 /* Main.storyboard */ = {
			isa = PBXVariantGroup;
			children = (
				55BFB4851A1882A1000F1C52 /* Base */,
			);
			name = Main.storyboard;
			sourceTree = "<group>";
		};
		55BFB4891A1882A1000F1C52 /* LaunchScreen.xib */ = {
			isa = PBXVariantGroup;
			children = (
				55BFB48A1A1882A1000F1C52 /* Base */,
			);
			name = LaunchScreen.xib;
			sourceTree = "<group>";
		};
/* End PBXVariantGroup section */

/* Begin XCBuildConfiguration section */
		55BFB4981A1882A1000F1C52 /* Debug */ = {
			isa = XCBuildConfiguration;
			buildSettings = {
				ALWAYS_SEARCH_USER_PATHS = NO;
				CLANG_CXX_LANGUAGE_STANDARD = "gnu++0x";
				CLANG_CXX_LIBRARY = "libc++";
				CLANG_ENABLE_MODULES = YES;
				CLANG_ENABLE_OBJC_ARC = YES;
				CLANG_WARN_BOOL_CONVERSION = YES;
				CLANG_WARN_CONSTANT_CONVERSION = YES;
				CLANG_WARN_DIRECT_OBJC_ISA_USAGE = YES_ERROR;
				CLANG_WARN_EMPTY_BODY = YES;
				CLANG_WARN_ENUM_CONVERSION = YES;
				CLANG_WARN_INT_CONVERSION = YES;
				CLANG_WARN_OBJC_ROOT_CLASS = YES_ERROR;
				CLANG_WARN_UNREACHABLE_CODE = YES;
				CLANG_WARN__DUPLICATE_METHOD_MATCH = YES;
				"CODE_SIGN_IDENTITY[sdk=iphoneos*]" = "iPhone Developer";
				COPY_PHASE_STRIP = NO;
				ENABLE_STRICT_OBJC_MSGSEND = YES;
				GCC_C_LANGUAGE_STANDARD = gnu99;
				GCC_DYNAMIC_NO_PIC = NO;
				GCC_OPTIMIZATION_LEVEL = 0;
				GCC_PREPROCESSOR_DEFINITIONS = (
					"DEBUG=1",
					"$(inherited)",
				);
				GCC_SYMBOLS_PRIVATE_EXTERN = NO;
				GCC_WARN_64_TO_32_BIT_CONVERSION = YES;
				GCC_WARN_ABOUT_RETURN_TYPE = YES_ERROR;
				GCC_WARN_UNDECLARED_SELECTOR = YES;
				GCC_WARN_UNINITIALIZED_AUTOS = YES_AGGRESSIVE;
				GCC_WARN_UNUSED_FUNCTION = YES;
				GCC_WARN_UNUSED_VARIABLE = YES;
				IPHONEOS_DEPLOYMENT_TARGET = 8.1;
				MTL_ENABLE_DEBUG_INFO = YES;
				ONLY_ACTIVE_ARCH = YES;
				SDKROOT = iphoneos;
				SWIFT_OPTIMIZATION_LEVEL = "-Onone";
				TARGETED_DEVICE_FAMILY = "1,2";
			};
			name = Debug;
		};
		55BFB4991A1882A1000F1C52 /* Release */ = {
			isa = XCBuildConfiguration;
			buildSettings = {
				ALWAYS_SEARCH_USER_PATHS = NO;
				CLANG_CXX_LANGUAGE_STANDARD = "gnu++0x";
				CLANG_CXX_LIBRARY = "libc++";
				CLANG_ENABLE_MODULES = YES;
				CLANG_ENABLE_OBJC_ARC = YES;
				CLANG_WARN_BOOL_CONVERSION = YES;
				CLANG_WARN_CONSTANT_CONVERSION = YES;
				CLANG_WARN_DIRECT_OBJC_ISA_USAGE = YES_ERROR;
				CLANG_WARN_EMPTY_BODY = YES;
				CLANG_WARN_ENUM_CONVERSION = YES;
				CLANG_WARN_INT_CONVERSION = YES;
				CLANG_WARN_OBJC_ROOT_CLASS = YES_ERROR;
				CLANG_WARN_UNREACHABLE_CODE = YES;
				CLANG_WARN__DUPLICATE_METHOD_MATCH = YES;
				"CODE_SIGN_IDENTITY[sdk=iphoneos*]" = "iPhone Developer";
				COPY_PHASE_STRIP = YES;
				ENABLE_NS_ASSERTIONS = NO;
				ENABLE_STRICT_OBJC_MSGSEND = YES;
				GCC_C_LANGUAGE_STANDARD = gnu99;
				GCC_WARN_64_TO_32_BIT_CONVERSION = YES;
				GCC_WARN_ABOUT_RETURN_TYPE = YES_ERROR;
				GCC_WARN_UNDECLARED_SELECTOR = YES;
				GCC_WARN_UNINITIALIZED_AUTOS = YES_AGGRESSIVE;
				GCC_WARN_UNUSED_FUNCTION = YES;
				GCC_WARN_UNUSED_VARIABLE = YES;
				IPHONEOS_DEPLOYMENT_TARGET = 8.1;
				MTL_ENABLE_DEBUG_INFO = NO;
				SDKROOT = iphoneos;
				TARGETED_DEVICE_FAMILY = "1,2";
				VALIDATE_PRODUCT = YES;
			};
			name = Release;
		};
		55BFB49B1A1882A1000F1C52 /* Debug */ = {
			isa = XCBuildConfiguration;
			buildSettings = {
				ASSETCATALOG_COMPILER_APPICON_NAME = AppIcon;
				INFOPLIST_FILE = Postcard/Info.plist;
				LD_RUNPATH_SEARCH_PATHS = "$(inherited) @executable_path/Frameworks";
				PRODUCT_NAME = "$(TARGET_NAME)";
			};
			name = Debug;
		};
		55BFB49C1A1882A1000F1C52 /* Release */ = {
			isa = XCBuildConfiguration;
			buildSettings = {
				ASSETCATALOG_COMPILER_APPICON_NAME = AppIcon;
				INFOPLIST_FILE = Postcard/Info.plist;
				LD_RUNPATH_SEARCH_PATHS = "$(inherited) @executable_path/Frameworks";
				PRODUCT_NAME = "$(TARGET_NAME)";
			};
			name = Release;
		};
		55BFB49E1A1882A1000F1C52 /* Debug */ = {
			isa = XCBuildConfiguration;
			buildSettings = {
				BUNDLE_LOADER = "$(TEST_HOST)";
				FRAMEWORK_SEARCH_PATHS = (
					"$(SDKROOT)/Developer/Library/Frameworks",
					"$(inherited)",
				);
				GCC_PREPROCESSOR_DEFINITIONS = (
					"DEBUG=1",
					"$(inherited)",
				);
				INFOPLIST_FILE = PostcardTests/Info.plist;
				LD_RUNPATH_SEARCH_PATHS = "$(inherited) @executable_path/Frameworks @loader_path/Frameworks";
				PRODUCT_NAME = "$(TARGET_NAME)";
				TEST_HOST = "$(BUILT_PRODUCTS_DIR)/Postcard.app/Postcard";
			};
			name = Debug;
		};
		55BFB49F1A1882A1000F1C52 /* Release */ = {
			isa = XCBuildConfiguration;
			buildSettings = {
				BUNDLE_LOADER = "$(TEST_HOST)";
				FRAMEWORK_SEARCH_PATHS = (
					"$(SDKROOT)/Developer/Library/Frameworks",
					"$(inherited)",
				);
				INFOPLIST_FILE = PostcardTests/Info.plist;
				LD_RUNPATH_SEARCH_PATHS = "$(inherited) @executable_path/Frameworks @loader_path/Frameworks";
				PRODUCT_NAME = "$(TARGET_NAME)";
				TEST_HOST = "$(BUILT_PRODUCTS_DIR)/Postcard.app/Postcard";
			};
			name = Release;
		};
/* End XCBuildConfiguration section */

/* Begin XCConfigurationList section */
		55BFB4761A1882A1000F1C52 /* Build configuration list for PBXProject "Postcard" */ = {
			isa = XCConfigurationList;
			buildConfigurations = (
				55BFB4981A1882A1000F1C52 /* Debug */,
				55BFB4991A1882A1000F1C52 /* Release */,
			);
			defaultConfigurationIsVisible = 0;
			defaultConfigurationName = Release;
		};
		55BFB49A1A1882A1000F1C52 /* Build configuration list for PBXNativeTarget "Postcard" */ = {
			isa = XCConfigurationList;
			buildConfigurations = (
				55BFB49B1A1882A1000F1C52 /* Debug */,
				55BFB49C1A1882A1000F1C52 /* Release */,
			);
			defaultConfigurationIsVisible = 0;
		};
		55BFB49D1A1882A1000F1C52 /* Build configuration list for PBXNativeTarget "PostcardTests" */ = {
			isa = XCConfigurationList;
			buildConfigurations = (
				55BFB49E1A1882A1000F1C52 /* Debug */,
				55BFB49F1A1882A1000F1C52 /* Release */,
			);
			defaultConfigurationIsVisible = 0;
		};
/* End XCConfigurationList section */
	};
	rootObject = 55BFB4731A1882A1000F1C52 /* Project object */;
}
